
Microsoft Visual Studio Solution File, Format Version 12.00
# Visual Studio Version 16
VisualStudioVersion = 16.0.32802.440
MinimumVisualStudioVersion = 10.0.40219.1
Project("{FAE04EC0-301F-11D3-BF4B-00C04F79EFBC}") = "Obligatorio", "Obligatorio\Obligatorio.csproj", "{4839B42B-9B43-43CC-AABB-80CBB69F8487}"
EndProject
Project("{9A19103F-16F7-4668-BE54-9A1E7A4F7556}") = "Dominio", "Dominio\Dominio.csproj", "{50EEA6AB-A1AE-49C7-982A-F934130CCE26}"
EndProject
Global
	GlobalSection(SolutionConfigurationPlatforms) = preSolution
		Debug|Any CPU = Debug|Any CPU
		Release|Any CPU = Release|Any CPU
	EndGlobalSection
	GlobalSection(ProjectConfigurationPlatforms) = postSolution
		{4839B42B-9B43-43CC-AABB-80CBB69F8487}.Debug|Any CPU.ActiveCfg = Debug|Any CPU
		{4839B42B-9B43-43CC-AABB-80CBB69F8487}.Debug|Any CPU.Build.0 = Debug|Any CPU
		{4839B42B-9B43-43CC-AABB-80CBB69F8487}.Release|Any CPU.ActiveCfg = Release|Any CPU
		{4839B42B-9B43-43CC-AABB-80CBB69F8487}.Release|Any CPU.Build.0 = Release|Any CPU
		{50EEA6AB-A1AE-49C7-982A-F934130CCE26}.Debug|Any CPU.ActiveCfg = Debug|Any CPU
		{50EEA6AB-A1AE-49C7-982A-F934130CCE26}.Debug|Any CPU.Build.0 = Debug|Any CPU
		{50EEA6AB-A1AE-49C7-982A-F934130CCE26}.Release|Any CPU.ActiveCfg = Release|Any CPU
		{50EEA6AB-A1AE-49C7-982A-F934130CCE26}.Release|Any CPU.Build.0 = Release|Any CPU
	EndGlobalSection
	GlobalSection(SolutionProperties) = preSolution
		HideSolutionNode = FALSE
	EndGlobalSection
	GlobalSection(ExtensibilityGlobals) = postSolution
		SolutionGuid = {A6EA3729-CC44-4616-9BA4-A3485DE06658}
	EndGlobalSection
EndGlobal
